{
  "name": "pagepilot",
  "version": "1.0.0",
  "lockfileVersion": 3,
  "requires": true,
  "packages": {
    "": {
      "name": "pagepilot",
      "version": "1.0.0",
      "license": "GPL-3.0-or-later",
      "dependencies": {
        "remixicon": "^4.1.0"
      }
    },
    "node_modules/remixicon": {
      "version": "4.1.0",
      "resolved": "https://registry.npmjs.org/remixicon/-/remixicon-4.1.0.tgz",
      "integrity": "sha512-N5dmpN6bjB7GyHi8RqhKp8Fy1cfOch0m75KZQv4ZNFa2ffpXJY2FQ4TdgigZulTdwOoTwLKjBQ7GCC+bEw8LHg=="
    }
  }
}
